
Microsoft Visual Studio Solution File, Format Version 12.00
# Visual Studio Version 17
VisualStudioVersion = 17.10.35013.160
MinimumVisualStudioVersion = 10.0.40219.1
Project("{9A19103F-16F7-4668-BE54-9A1E7A4F7556}") = "BTS.Infrastructure", "BTS.Infrastructure\BTS.Infrastructure.csproj", "{622C45E3-EE27-458A-A6C8-1E3D8B677910}"
EndProject
Project("{9A19103F-16F7-4668-BE54-9A1E7A4F7556}") = "BTS.Domain", "BTS.Domain\BTS.Domain.csproj", "{ADD19D72-984A-4C99-8105-F2A6D8ECF355}"
EndProject
Project("{9A19103F-16F7-4668-BE54-9A1E7A4F7556}") = "BTS.Core", "BTS.Core\BTS.Core.csproj", "{7FEDF478-3B1C-4024-B7B8-25A2A0DB86F9}"
EndProject
Project("{9A19103F-16F7-4668-BE54-9A1E7A4F7556}") = "BTS.Api", "BTS.Api\BTS.Api.csproj", "{334275E6-5C29-4046-8323-6A9FAC80AAE8}"
EndProject
Project("{E53339B2-1760-4266-BCC7-CA923CBCF16C}") = "docker-compose", "docker-compose.dcproj", "{F866A146-8CC9-4720-A283-0CA6D78086B7}"
EndProject
Global
	GlobalSection(SolutionConfigurationPlatforms) = preSolution
		Debug|Any CPU = Debug|Any CPU
		Release|Any CPU = Release|Any CPU
	EndGlobalSection
	GlobalSection(ProjectConfigurationPlatforms) = postSolution
		{622C45E3-EE27-458A-A6C8-1E3D8B677910}.Debug|Any CPU.ActiveCfg = Debug|Any CPU
		{622C45E3-EE27-458A-A6C8-1E3D8B677910}.Debug|Any CPU.Build.0 = Debug|Any CPU
		{622C45E3-EE27-458A-A6C8-1E3D8B677910}.Release|Any CPU.ActiveCfg = Release|Any CPU
		{622C45E3-EE27-458A-A6C8-1E3D8B677910}.Release|Any CPU.Build.0 = Release|Any CPU
		{ADD19D72-984A-4C99-8105-F2A6D8ECF355}.Debug|Any CPU.ActiveCfg = Debug|Any CPU
		{ADD19D72-984A-4C99-8105-F2A6D8ECF355}.Debug|Any CPU.Build.0 = Debug|Any CPU
		{ADD19D72-984A-4C99-8105-F2A6D8ECF355}.Release|Any CPU.ActiveCfg = Release|Any CPU
		{ADD19D72-984A-4C99-8105-F2A6D8ECF355}.Release|Any CPU.Build.0 = Release|Any CPU
		{7FEDF478-3B1C-4024-B7B8-25A2A0DB86F9}.Debug|Any CPU.ActiveCfg = Debug|Any CPU
		{7FEDF478-3B1C-4024-B7B8-25A2A0DB86F9}.Debug|Any CPU.Build.0 = Debug|Any CPU
		{7FEDF478-3B1C-4024-B7B8-25A2A0DB86F9}.Release|Any CPU.ActiveCfg = Release|Any CPU
		{7FEDF478-3B1C-4024-B7B8-25A2A0DB86F9}.Release|Any CPU.Build.0 = Release|Any CPU
		{334275E6-5C29-4046-8323-6A9FAC80AAE8}.Debug|Any CPU.ActiveCfg = Debug|Any CPU
		{334275E6-5C29-4046-8323-6A9FAC80AAE8}.Debug|Any CPU.Build.0 = Debug|Any CPU
		{334275E6-5C29-4046-8323-6A9FAC80AAE8}.Release|Any CPU.ActiveCfg = Release|Any CPU
		{334275E6-5C29-4046-8323-6A9FAC80AAE8}.Release|Any CPU.Build.0 = Release|Any CPU
		{F866A146-8CC9-4720-A283-0CA6D78086B7}.Debug|Any CPU.ActiveCfg = Debug|Any CPU
		{F866A146-8CC9-4720-A283-0CA6D78086B7}.Debug|Any CPU.Build.0 = Debug|Any CPU
		{F866A146-8CC9-4720-A283-0CA6D78086B7}.Release|Any CPU.ActiveCfg = Release|Any CPU
		{F866A146-8CC9-4720-A283-0CA6D78086B7}.Release|Any CPU.Build.0 = Release|Any CPU
	EndGlobalSection
	GlobalSection(SolutionProperties) = preSolution
		HideSolutionNode = FALSE
	EndGlobalSection
	GlobalSection(ExtensibilityGlobals) = postSolution
		SolutionGuid = {5A01B572-F84B-4FE4-BCF7-3E46F1915D26}
	EndGlobalSection
EndGlobal
